
Microsoft Visual Studio Solution File, Format Version 12.00
# Visual Studio 15
VisualStudioVersion = 15.0.27428.2027
MinimumVisualStudioVersion = 10.0.40219.1
Project("{9A19103F-16F7-4668-BE54-9A1E7A4F7556}") = "LostInLublin", "LostInLublin\LostInLublin.csproj", "{8793D257-1C93-4F77-9722-310A512BA00C}"
EndProject
Project("{E53339B2-1760-4266-BCC7-CA923CBCF16C}") = "docker-compose", "docker-compose.dcproj", "{856764BC-7C2D-4B1F-9230-14E2AFA43610}"
EndProject
Project("{2150E333-8FDC-42A3-9474-1A3956D46DE8}") = "MobileApp", "MobileApp", "{EBAB9671-EACD-49D4-AC0F-D48E9B603770}"
EndProject
Project("{FAE04EC0-301F-11D3-BF4B-00C04F79EFBC}") = "LostInLublin.Droid", "LostInLublin.Droid\LostInLublin.Droid.csproj", "{ACF58893-867E-480F-B822-0A83500C30E9}"
EndProject
Project("{9A19103F-16F7-4668-BE54-9A1E7A4F7556}") = "LostInLublin.Core", "LostInLublin.Core\LostInLublin.Core.csproj", "{6C004B6D-BAFE-4903-B2F2-C15D2E48F90A}"
EndProject
Project("{FAE04EC0-301F-11D3-BF4B-00C04F79EFBC}") = "LostInLublint.Test", "..\LostInLublint.Test\LostInLublint.Test.csproj", "{2E8616D7-6AB6-4C54-8EF0-0F3A11DBB0CE}"
EndProject
Global
	GlobalSection(SolutionConfigurationPlatforms) = preSolution
		Debug|Any CPU = Debug|Any CPU
		Release|Any CPU = Release|Any CPU
	EndGlobalSection
	GlobalSection(ProjectConfigurationPlatforms) = postSolution
		{8793D257-1C93-4F77-9722-310A512BA00C}.Debug|Any CPU.ActiveCfg = Debug|Any CPU
		{8793D257-1C93-4F77-9722-310A512BA00C}.Debug|Any CPU.Build.0 = Debug|Any CPU
		{8793D257-1C93-4F77-9722-310A512BA00C}.Release|Any CPU.ActiveCfg = Release|Any CPU
		{8793D257-1C93-4F77-9722-310A512BA00C}.Release|Any CPU.Build.0 = Release|Any CPU
		{856764BC-7C2D-4B1F-9230-14E2AFA43610}.Debug|Any CPU.ActiveCfg = Debug|Any CPU
		{856764BC-7C2D-4B1F-9230-14E2AFA43610}.Debug|Any CPU.Build.0 = Debug|Any CPU
		{856764BC-7C2D-4B1F-9230-14E2AFA43610}.Release|Any CPU.ActiveCfg = Release|Any CPU
		{856764BC-7C2D-4B1F-9230-14E2AFA43610}.Release|Any CPU.Build.0 = Release|Any CPU
		{ACF58893-867E-480F-B822-0A83500C30E9}.Debug|Any CPU.ActiveCfg = Debug|Any CPU
		{ACF58893-867E-480F-B822-0A83500C30E9}.Debug|Any CPU.Build.0 = Debug|Any CPU
		{ACF58893-867E-480F-B822-0A83500C30E9}.Debug|Any CPU.Deploy.0 = Debug|Any CPU
		{ACF58893-867E-480F-B822-0A83500C30E9}.Release|Any CPU.ActiveCfg = Release|Any CPU
		{ACF58893-867E-480F-B822-0A83500C30E9}.Release|Any CPU.Build.0 = Release|Any CPU
		{ACF58893-867E-480F-B822-0A83500C30E9}.Release|Any CPU.Deploy.0 = Release|Any CPU
		{6C004B6D-BAFE-4903-B2F2-C15D2E48F90A}.Debug|Any CPU.ActiveCfg = Debug|Any CPU
		{6C004B6D-BAFE-4903-B2F2-C15D2E48F90A}.Debug|Any CPU.Build.0 = Debug|Any CPU
		{6C004B6D-BAFE-4903-B2F2-C15D2E48F90A}.Release|Any CPU.ActiveCfg = Release|Any CPU
		{6C004B6D-BAFE-4903-B2F2-C15D2E48F90A}.Release|Any CPU.Build.0 = Release|Any CPU
		{2E8616D7-6AB6-4C54-8EF0-0F3A11DBB0CE}.Debug|Any CPU.ActiveCfg = Debug|Any CPU
		{2E8616D7-6AB6-4C54-8EF0-0F3A11DBB0CE}.Debug|Any CPU.Build.0 = Debug|Any CPU
		{2E8616D7-6AB6-4C54-8EF0-0F3A11DBB0CE}.Release|Any CPU.ActiveCfg = Release|Any CPU
		{2E8616D7-6AB6-4C54-8EF0-0F3A11DBB0CE}.Release|Any CPU.Build.0 = Release|Any CPU
	EndGlobalSection
	GlobalSection(SolutionProperties) = preSolution
		HideSolutionNode = FALSE
	EndGlobalSection
	GlobalSection(NestedProjects) = preSolution
		{ACF58893-867E-480F-B822-0A83500C30E9} = {EBAB9671-EACD-49D4-AC0F-D48E9B603770}
		{6C004B6D-BAFE-4903-B2F2-C15D2E48F90A} = {EBAB9671-EACD-49D4-AC0F-D48E9B603770}
	EndGlobalSection
	GlobalSection(ExtensibilityGlobals) = postSolution
		SolutionGuid = {6C4589E1-BCCC-4FD7-B9A5-6404C20D145D}
	EndGlobalSection
EndGlobal
